
Microsoft Visual Studio Solution File, Format Version 12.00
# Visual Studio Version 16
VisualStudioVersion = 16.0.31729.503
MinimumVisualStudioVersion = 10.0.40219.1
Project("{FAE04EC0-301F-11D3-BF4B-00C04F79EFBC}") = "pyj", "pyj\pyj.csproj", "{472971F0-1925-4859-9CDF-7C923DA8B520}"
EndProject
Global
	GlobalSection(SolutionConfigurationPlatforms) = preSolution
		Debug|Any CPU = Debug|Any CPU
		Release|Any CPU = Release|Any CPU
	EndGlobalSection
	GlobalSection(ProjectConfigurationPlatforms) = postSolution
		{472971F0-1925-4859-9CDF-7C923DA8B520}.Debug|Any CPU.ActiveCfg = Debug|Any CPU
		{472971F0-1925-4859-9CDF-7C923DA8B520}.Debug|Any CPU.Build.0 = Debug|Any CPU
		{472971F0-1925-4859-9CDF-7C923DA8B520}.Release|Any CPU.ActiveCfg = Release|Any CPU
		{472971F0-1925-4859-9CDF-7C923DA8B520}.Release|Any CPU.Build.0 = Release|Any CPU
	EndGlobalSection
	GlobalSection(SolutionProperties) = preSolution
		HideSolutionNode = FALSE
	EndGlobalSection
	GlobalSection(ExtensibilityGlobals) = postSolution
		SolutionGuid = {70EF811F-ED85-4367-8947-BE28783D4FAE}
	EndGlobalSection
EndGlobal
